// !$*UTF8*$!
{
	archiveVersion = 1;
	classes = {
	};
	objectVersion = 56;
	objects = {

/* Begin PBXBuildFile section */
		873F63C429B90E57000A1AC5 /* Core_Data_exampleApp.swift in Sources */ = {isa = PBXBuildFile; fileRef = 873F63C329B90E57000A1AC5 /* Core_Data_exampleApp.swift */; };
		873F63C629B90E57000A1AC5 /* ContentView.swift in Sources */ = {isa = PBXBuildFile; fileRef = 873F63C529B90E57000A1AC5 /* ContentView.swift */; };
		873F63C829B90E59000A1AC5 /* Assets.xcassets in Resources */ = {isa = PBXBuildFile; fileRef = 873F63C729B90E59000A1AC5 /* Assets.xcassets */; };
		873F63CB29B90E59000A1AC5 /* Preview Assets.xcassets in Resources */ = {isa = PBXBuildFile; fileRef = 873F63CA29B90E59000A1AC5 /* Preview Assets.xcassets */; };
		873F63CD29B90E59000A1AC5 /* Persistence.swift in Sources */ = {isa = PBXBuildFile; fileRef = 873F63CC29B90E59000A1AC5 /* Persistence.swift */; };
		873F63D029B90E59000A1AC5 /* Core_Data_example.xcdatamodeld in Sources */ = {isa = PBXBuildFile; fileRef = 873F63CE29B90E59000A1AC5 /* Core_Data_example.xcdatamodeld */; };
		874FC33629BA635A003E0BD3 /* CoreData_entries.swift in Sources */ = {isa = PBXBuildFile; fileRef = 874FC33529BA635A003E0BD3 /* CoreData_entries.swift */; };
/* End PBXBuildFile section */

/* Begin PBXFileReference section */
		873F63C029B90E57000A1AC5 /* Core_Data_example.app */ = {isa = PBXFileReference; explicitFileType = wrapper.application; includeInIndex = 0; path = Core_Data_example.app; sourceTree = BUILT_PRODUCTS_DIR; };
		873F63C329B90E57000A1AC5 /* Core_Data_exampleApp.swift */ = {isa = PBXFileReference; lastKnownFileType = sourcecode.swift; path = Core_Data_exampleApp.swift; sourceTree = "<group>"; };
		873F63C529B90E57000A1AC5 /* ContentView.swift */ = {isa = PBXFileReference; lastKnownFileType = sourcecode.swift; path = ContentView.swift; sourceTree = "<group>"; };
		873F63C729B90E59000A1AC5 /* Assets.xcassets */ = {isa = PBXFileReference; lastKnownFileType = folder.assetcatalog; path = Assets.xcassets; sourceTree = "<group>"; };
		873F63CA29B90E59000A1AC5 /* Preview Assets.xcassets */ = {isa = PBXFileReference; lastKnownFileType = folder.assetcatalog; path = "Preview Assets.xcassets"; sourceTree = "<group>"; };
		873F63CC29B90E59000A1AC5 /* Persistence.swift */ = {isa = PBXFileReference; lastKnownFileType = sourcecode.swift; path = Persistence.swift; sourceTree = "<group>"; };
		873F63CF29B90E59000A1AC5 /* Core_Data_example.xcdatamodel */ = {isa = PBXFileReference; lastKnownFileType = wrapper.xcdatamodel; path = Core_Data_example.xcdatamodel; sourceTree = "<group>"; };
		874FC33529BA635A003E0BD3 /* CoreData_entries.swift */ = {isa = PBXFileReference; lastKnownFileType = sourcecode.swift; path = CoreData_entries.swift; sourceTree = "<group>"; };
/* End PBXFileReference section */

/* Begin PBXFrameworksBuildPhase section */
		873F63BD29B90E57000A1AC5 /* Frameworks */ = {
			isa = PBXFrameworksBuildPhase;
			buildActionMask = 2147483647;
			files = (
			);
			runOnlyForDeploymentPostprocessing = 0;
		};
/* End PBXFrameworksBuildPhase section */

/* Begin PBXGroup section */
		873F63B729B90E57000A1AC5 = {
			isa = PBXGroup;
			children = (
				873F63C229B90E57000A1AC5 /* Core_Data_example */,
				873F63C129B90E57000A1AC5 /* Products */,
			);
			sourceTree = "<group>";
		};
		873F63C129B90E57000A1AC5 /* Products */ = {
			isa = PBXGroup;
			children = (
				873F63C029B90E57000A1AC5 /* Core_Data_example.app */,
			);
			name = Products;
			sourceTree = "<group>";
		};
		873F63C229B90E57000A1AC5 /* Core_Data_example */ = {
			isa = PBXGroup;
			children = (
				873F63C329B90E57000A1AC5 /* Core_Data_exampleApp.swift */,
				873F63C529B90E57000A1AC5 /* ContentView.swift */,
				874FC33529BA635A003E0BD3 /* CoreData_entries.swift */,
				873F63C729B90E59000A1AC5 /* Assets.xcassets */,
				873F63CC29B90E59000A1AC5 /* Persistence.swift */,
				873F63CE29B90E59000A1AC5 /* Core_Data_example.xcdatamodeld */,
				873F63C929B90E59000A1AC5 /* Preview Content */,
			);
			path = Core_Data_example;
			sourceTree = "<group>";
		};
		873F63C929B90E59000A1AC5 /* Preview Content */ = {
			isa = PBXGroup;
			children = (
				873F63CA29B90E59000A1AC5 /* Preview Assets.xcassets */,
			);
			path = "Preview Content";
			sourceTree = "<group>";
		};
/* End PBXGroup section */

/* Begin PBXNativeTarget section */
		873F63BF29B90E57000A1AC5 /* Core_Data_example */ = {
			isa = PBXNativeTarget;
			buildConfigurationList = 873F63D329B90E59000A1AC5 /* Build configuration list for PBXNativeTarget "Core_Data_example" */;
			buildPhases = (
				873F63BC29B90E57000A1AC5 /* Sources */,
				873F63BD29B90E57000A1AC5 /* Frameworks */,
				873F63BE29B90E57000A1AC5 /* Resources */,
			);
			buildRules = (
			);
			dependencies = (
			);
			name = Core_Data_example;
			productName = Core_Data_example;
			productReference = 873F63C029B90E57000A1AC5 /* Core_Data_example.app */;
			productType = "com.apple.product-type.application";
		};
/* End PBXNativeTarget section */

/* Begin PBXProject section */
		873F63B829B90E57000A1AC5 /* Project object */ = {
			isa = PBXProject;
			attributes = {
				BuildIndependentTargetsInParallel = 1;
				LastSwiftUpdateCheck = 1420;
				LastUpgradeCheck = 1420;
				TargetAttributes = {
					873F63BF29B90E57000A1AC5 = {
						CreatedOnToolsVersion = 14.2;
					};
				};
			};
			buildConfigurationList = 873F63BB29B90E57000A1AC5 /* Build configuration list for PBXProject "Core_Data_example" */;
			compatibilityVersion = "Xcode 14.0";
			developmentRegion = en;
			hasScannedForEncodings = 0;
			knownRegions = (
				en,
				Base,
			);
			mainGroup = 873F63B729B90E57000A1AC5;
			productRefGroup = 873F63C129B90E57000A1AC5 /* Products */;
			projectDirPath = "";
			projectRoot = "";
			targets = (
				873F63BF29B90E57000A1AC5 /* Core_Data_example */,
			);
		};
/* End PBXProject section */

/* Begin PBXResourcesBuildPhase section */
		873F63BE29B90E57000A1AC5 /* Resources */ = {
			isa = PBXResourcesBuildPhase;
			buildActionMask = 2147483647;
			files = (
				873F63CB29B90E59000A1AC5 /* Preview Assets.xcassets in Resources */,
				873F63C829B90E59000A1AC5 /* Assets.xcassets in Resources */,
			);
			runOnlyForDeploymentPostprocessing = 0;
		};
/* End PBXResourcesBuildPhase section */

/* Begin PBXSourcesBuildPhase section */
		873F63BC29B90E57000A1AC5 /* Sources */ = {
			isa = PBXSourcesBuildPhase;
			buildActionMask = 2147483647;
			files = (
				873F63CD29B90E59000A1AC5 /* Persistence.swift in Sources */,
				873F63C629B90E57000A1AC5 /* ContentView.swift in Sources */,
				874FC33629BA635A003E0BD3 /* CoreData_entries.swift in Sources */,
				873F63C429B90E57000A1AC5 /* Core_Data_exampleApp.swift in Sources */,
				873F63D029B90E59000A1AC5 /* Core_Data_example.xcdatamodeld in Sources */,
			);
			runOnlyForDeploymentPostprocessing = 0;
		};
/* End PBXSourcesBuildPhase section */

/* Begin XCBuildConfiguration section */
		873F63D129B90E59000A1AC5 /* Debug */ = {
			isa = XCBuildConfiguration;
			buildSettings = {
				ALWAYS_SEARCH_USER_PATHS = NO;
				CLANG_ANALYZER_NONNULL = YES;
				CLANG_ANALYZER_NUMBER_OBJECT_CONVERSION = YES_AGGRESSIVE;
				CLANG_CXX_LANGUAGE_STANDARD = "gnu++20";
				CLANG_ENABLE_MODULES = YES;
				CLANG_ENABLE_OBJC_ARC = YES;
				CLANG_ENABLE_OBJC_WEAK = YES;
				CLANG_WARN_BLOCK_CAPTURE_AUTORELEASING = YES;
				CLANG_WARN_BOOL_CONVERSION = YES;
				CLANG_WARN_COMMA = YES;
				CLANG_WARN_CONSTANT_CONVERSION = YES;
				CLANG_WARN_DEPRECATED_OBJC_IMPLEMENTATIONS = YES;
				CLANG_WARN_DIRECT_OBJC_ISA_USAGE = YES_ERROR;
				CLANG_WARN_DOCUMENTATION_COMMENTS = YES;
				CLANG_WARN_EMPTY_BODY = YES;
				CLANG_WARN_ENUM_CONVERSION = YES;
				CLANG_WARN_INFINITE_RECURSION = YES;
				CLANG_WARN_INT_CONVERSION = YES;
				CLANG_WARN_NON_LITERAL_NULL_CONVERSION = YES;
				CLANG_WARN_OBJC_IMPLICIT_RETAIN_SELF = YES;
				CLANG_WARN_OBJC_LITERAL_CONVERSION = YES;
				CLANG_WARN_OBJC_ROOT_CLASS = YES_ERROR;
				CLANG_WARN_QUOTED_INCLUDE_IN_FRAMEWORK_HEADER = YES;
				CLANG_WARN_RANGE_LOOP_ANALYSIS = YES;
				CLANG_WARN_STRICT_PROTOTYPES = YES;
				CLANG_WARN_SUSPICIOUS_MOVE = YES;
				CLANG_WARN_UNGUARDED_AVAILABILITY = YES_AGGRESSIVE;
				CLANG_WARN_UNREACHABLE_CODE = YES;
				CLANG_WARN__DUPLICATE_METHOD_MATCH = YES;
				COPY_PHASE_STRIP = NO;
				DEBUG_INFORMATION_FORMAT = dwarf;
				ENABLE_STRICT_OBJC_MSGSEND = YES;
				ENABLE_TESTABILITY = YES;
				GCC_C_LANGUAGE_STANDARD = gnu11;
				GCC_DYNAMIC_NO_PIC = NO;
				GCC_NO_COMMON_BLOCKS = YES;
				GCC_OPTIMIZATION_LEVEL = 0;
				GCC_PREPROCESSOR_DEFINITIONS = (
					"DEBUG=1",
					"$(inherited)",
				);
				GCC_WARN_64_TO_32_BIT_CONVERSION = YES;
				GCC_WARN_ABOUT_RETURN_TYPE = YES_ERROR;
				GCC_WARN_UNDECLARED_SELECTOR = YES;
				GCC_WARN_UNINITIALIZED_AUTOS = YES_AGGRESSIVE;
				GCC_WARN_UNUSED_FUNCTION = YES;
				GCC_WARN_UNUSED_VARIABLE = YES;
				IPHONEOS_DEPLOYMENT_TARGET = 16.2;
				MTL_ENABLE_DEBUG_INFO = INCLUDE_SOURCE;
				MTL_FAST_MATH = YES;
				ONLY_ACTIVE_ARCH = YES;
				SDKROOT = iphoneos;
				SWIFT_ACTIVE_COMPILATION_CONDITIONS = DEBUG;
				SWIFT_OPTIMIZATION_LEVEL = "-Onone";
			};
			name = Debug;
		};
		873F63D229B90E59000A1AC5 /* Release */ = {
			isa = XCBuildConfiguration;
			buildSettings = {
				ALWAYS_SEARCH_USER_PATHS = NO;
				CLANG_ANALYZER_NONNULL = YES;
				CLANG_ANALYZER_NUMBER_OBJECT_CONVERSION = YES_AGGRESSIVE;
				CLANG_CXX_LANGUAGE_STANDARD = "gnu++20";
				CLANG_ENABLE_MODULES = YES;
				CLANG_ENABLE_OBJC_ARC = YES;
				CLANG_ENABLE_OBJC_WEAK = YES;
				CLANG_WARN_BLOCK_CAPTURE_AUTORELEASING = YES;
				CLANG_WARN_BOOL_CONVERSION = YES;
				CLANG_WARN_COMMA = YES;
				CLANG_WARN_CONSTANT_CONVERSION = YES;
				CLANG_WARN_DEPRECATED_OBJC_IMPLEMENTATIONS = YES;
				CLANG_WARN_DIRECT_OBJC_ISA_USAGE = YES_ERROR;
				CLANG_WARN_DOCUMENTATION_COMMENTS = YES;
				CLANG_WARN_EMPTY_BODY = YES;
				CLANG_WARN_ENUM_CONVERSION = YES;
				CLANG_WARN_INFINITE_RECURSION = YES;
				CLANG_WARN_INT_CONVERSION = YES;
				CLANG_WARN_NON_LITERAL_NULL_CONVERSION = YES;
				CLANG_WARN_OBJC_IMPLICIT_RETAIN_SELF = YES;
				CLANG_WARN_OBJC_LITERAL_CONVERSION = YES;
				CLANG_WARN_OBJC_ROOT_CLASS = YES_ERROR;
				CLANG_WARN_QUOTED_INCLUDE_IN_FRAMEWORK_HEADER = YES;
				CLANG_WARN_RANGE_LOOP_ANALYSIS = YES;
				CLANG_WARN_STRICT_PROTOTYPES = YES;
				CLANG_WARN_SUSPICIOUS_MOVE = YES;
				CLANG_WARN_UNGUARDED_AVAILABILITY = YES_AGGRESSIVE;
				CLANG_WARN_UNREACHABLE_CODE = YES;
				CLANG_WARN__DUPLICATE_METHOD_MATCH = YES;
				COPY_PHASE_STRIP = NO;
				DEBUG_INFORMATION_FORMAT = "dwarf-with-dsym";
				ENABLE_NS_ASSERTIONS = NO;
				ENABLE_STRICT_OBJC_MSGSEND = YES;
				GCC_C_LANGUAGE_STANDARD = gnu11;
				GCC_NO_COMMON_BLOCKS = YES;
				GCC_WARN_64_TO_32_BIT_CONVERSION = YES;
				GCC_WARN_ABOUT_RETURN_TYPE = YES_ERROR;
				GCC_WARN_UNDECLARED_SELECTOR = YES;
				GCC_WARN_UNINITIALIZED_AUTOS = YES_AGGRESSIVE;
				GCC_WARN_UNUSED_FUNCTION = YES;
				GCC_WARN_UNUSED_VARIABLE = YES;
				IPHONEOS_DEPLOYMENT_TARGET = 16.2;
				MTL_ENABLE_DEBUG_INFO = NO;
				MTL_FAST_MATH = YES;
				SDKROOT = iphoneos;
				SWIFT_COMPILATION_MODE = wholemodule;
				SWIFT_OPTIMIZATION_LEVEL = "-O";
				VALIDATE_PRODUCT = YES;
			};
			name = Release;
		};
		873F63D429B90E59000A1AC5 /* Debug */ = {
			isa = XCBuildConfiguration;
			buildSettings = {
				ASSETCATALOG_COMPILER_APPICON_NAME = AppIcon;
				ASSETCATALOG_COMPILER_GLOBAL_ACCENT_COLOR_NAME = AccentColor;
				CODE_SIGN_STYLE = Automatic;
				CURRENT_PROJECT_VERSION = 1;
				DEVELOPMENT_ASSET_PATHS = "\"Core_Data_example/Preview Content\"";
				ENABLE_PREVIEWS = YES;
				GENERATE_INFOPLIST_FILE = YES;
				INFOPLIST_KEY_UIApplicationSceneManifest_Generation = YES;
				INFOPLIST_KEY_UIApplicationSupportsIndirectInputEvents = YES;
				INFOPLIST_KEY_UILaunchScreen_Generation = YES;
				INFOPLIST_KEY_UISupportedInterfaceOrientations_iPad = "UIInterfaceOrientationPortrait UIInterfaceOrientationPortraitUpsideDown UIInterfaceOrientationLandscapeLeft UIInterfaceOrientationLandscapeRight";
				INFOPLIST_KEY_UISupportedInterfaceOrientations_iPhone = "UIInterfaceOrientationPortrait UIInterfaceOrientationLandscapeLeft UIInterfaceOrientationLandscapeRight";
				LD_RUNPATH_SEARCH_PATHS = (
					"$(inherited)",
					"@executable_path/Frameworks",
				);
				MARKETING_VERSION = 1.0;
				PRODUCT_BUNDLE_IDENTIFIER = "com.example.app.Core-Data-example";
				PRODUCT_NAME = "$(TARGET_NAME)";
				SWIFT_EMIT_LOC_STRINGS = YES;
				SWIFT_VERSION = 5.0;
				TARGETED_DEVICE_FAMILY = "1,2";
			};
			name = Debug;
		};
		873F63D529B90E59000A1AC5 /* Release */ = {
			isa = XCBuildConfiguration;
			buildSettings = {
				ASSETCATALOG_COMPILER_APPICON_NAME = AppIcon;
				ASSETCATALOG_COMPILER_GLOBAL_ACCENT_COLOR_NAME = AccentColor;
				CODE_SIGN_STYLE = Automatic;
				CURRENT_PROJECT_VERSION = 1;
				DEVELOPMENT_ASSET_PATHS = "\"Core_Data_example/Preview Content\"";
				ENABLE_PREVIEWS = YES;
				GENERATE_INFOPLIST_FILE = YES;
				INFOPLIST_KEY_UIApplicationSceneManifest_Generation = YES;
				INFOPLIST_KEY_UIApplicationSupportsIndirectInputEvents = YES;
				INFOPLIST_KEY_UILaunchScreen_Generation = YES;
				INFOPLIST_KEY_UISupportedInterfaceOrientations_iPad = "UIInterfaceOrientationPortrait UIInterfaceOrientationPortraitUpsideDown UIInterfaceOrientationLandscapeLeft UIInterfaceOrientationLandscapeRight";
				INFOPLIST_KEY_UISupportedInterfaceOrientations_iPhone = "UIInterfaceOrientationPortrait UIInterfaceOrientationLandscapeLeft UIInterfaceOrientationLandscapeRight";
				LD_RUNPATH_SEARCH_PATHS = (
					"$(inherited)",
					"@executable_path/Frameworks",
				);
				MARKETING_VERSION = 1.0;
				PRODUCT_BUNDLE_IDENTIFIER = "com.example.app.Core-Data-example";
				PRODUCT_NAME = "$(TARGET_NAME)";
				SWIFT_EMIT_LOC_STRINGS = YES;
				SWIFT_VERSION = 5.0;
				TARGETED_DEVICE_FAMILY = "1,2";
			};
			name = Release;
		};
/* End XCBuildConfiguration section */

/* Begin XCConfigurationList section */
		873F63BB29B90E57000A1AC5 /* Build configuration list for PBXProject "Core_Data_example" */ = {
			isa = XCConfigurationList;
			buildConfigurations = (
				873F63D129B90E59000A1AC5 /* Debug */,
				873F63D229B90E59000A1AC5 /* Release */,
			);
			defaultConfigurationIsVisible = 0;
			defaultConfigurationName = Release;
		};
		873F63D329B90E59000A1AC5 /* Build configuration list for PBXNativeTarget "Core_Data_example" */ = {
			isa = XCConfigurationList;
			buildConfigurations = (
				873F63D429B90E59000A1AC5 /* Debug */,
				873F63D529B90E59000A1AC5 /* Release */,
			);
			defaultConfigurationIsVisible = 0;
			defaultConfigurationName = Release;
		};
/* End XCConfigurationList section */

/* Begin XCVersionGroup section */
		873F63CE29B90E59000A1AC5 /* Core_Data_example.xcdatamodeld */ = {
			isa = XCVersionGroup;
			children = (
				873F63CF29B90E59000A1AC5 /* Core_Data_example.xcdatamodel */,
			);
			currentVersion = 873F63CF29B90E59000A1AC5 /* Core_Data_example.xcdatamodel */;
			path = Core_Data_example.xcdatamodeld;
			sourceTree = "<group>";
			versionGroupType = wrapper.xcdatamodel;
		};
/* End XCVersionGroup section */
	};
	rootObject = 873F63B829B90E57000A1AC5 /* Project object */;
}
